
Microsoft Visual Studio Solution File, Format Version 12.00
# Visual Studio Version 17
VisualStudioVersion = 17.2.32616.157
MinimumVisualStudioVersion = 10.0.40219.1
Project("{FAE04EC0-301F-11D3-BF4B-00C04F79EFBC}") = "heelercrap", "heelercrap.csproj", "{88033997-B610-4078-8414-A22E65BA38E2}"
EndProject
Global
	GlobalSection(SolutionConfigurationPlatforms) = preSolution
		Debug|Any CPU = Debug|Any CPU
		Release|Any CPU = Release|Any CPU
	EndGlobalSection
	GlobalSection(ProjectConfigurationPlatforms) = postSolution
		{88033997-B610-4078-8414-A22E65BA38E2}.Debug|Any CPU.ActiveCfg = Debug|Any CPU
		{88033997-B610-4078-8414-A22E65BA38E2}.Debug|Any CPU.Build.0 = Debug|Any CPU
		{88033997-B610-4078-8414-A22E65BA38E2}.Release|Any CPU.ActiveCfg = Release|Any CPU
		{88033997-B610-4078-8414-A22E65BA38E2}.Release|Any CPU.Build.0 = Release|Any CPU
	EndGlobalSection
	GlobalSection(SolutionProperties) = preSolution
		HideSolutionNode = FALSE
	EndGlobalSection
	GlobalSection(ExtensibilityGlobals) = postSolution
		SolutionGuid = {8563DFC0-6D53-4667-91D5-67BF992B3C92}
	EndGlobalSection
EndGlobal
